<?xml version="1.0" encoding="utf-8"?>
<Project ToolsVersion="4.0" xmlns="http://schemas.microsoft.com/developer/msbuild/2003">
  <ItemGroup>
    <ClCompile Include="PictureSlide.cpp" />
    <ClCompile Include="Asteroids.cpp" />
    <ClCompile Include="NumberLine.cpp" />
    <ClCompile Include="Axes.cpp" />
    <ClCompile Include="Polar.cpp" />
    <ClCompile Include="StraightLine.cpp" />
    <ClCompile Include="StraightLine2.cpp" />
    <ClCompile Include="Circle.cpp" />
    <ClCompile Include="Circle2.cpp" />
    <ClCompile Include="Parabola.cpp" />
    <ClCompile Include="LineSegment.cpp" />
    <ClCompile Include="Rotation.cpp" />
    <ClCompile Include="Reflection.cpp" />
    <ClCompile Include="Scaling.cpp" />
    <ClCompile Include="Shearing.cpp" />
    <ClCompile Include="Translation.cpp" />
    <ClCompile Include="ParabolaDescription.cpp" />
    <ClCompile Include="BezierAnimation.cpp" />
    <ClCompile Include="Triangle.cpp" />
    <ClCompile Include="Square.cpp" />
    <ClCompile Include="NonOrthogonalAxes.cpp" />
    <ClCompile Include="Circle3.cpp" />
    <ClCompile Include="Ellipse.cpp" />
    <ClCompile Include="Stadium.cpp" />
    <ClCompile Include="WildCurve.cpp" />
    <ClCompile Include="FloatDistribution.cpp" />
  </ItemGroup>
  <ItemGroup>
    <ClInclude Include="StPetersburg.h" />
  </ItemGroup>
</Project>